
Microsoft Visual Studio Solution File, Format Version 12.00
# Visual Studio 15
Project("{FAE04EC0-301F-11D3-BF4B-00C04F79EFBC}") = "Blockchain", "Blockchain\Blockchain.csproj", "{8B6D5398-6FC9-4E52-9B4C-24F1D4D815C2}"
EndProject
Global
	GlobalSection(SolutionConfigurationPlatforms) = preSolution
		Debug|Any CPU = Debug|Any CPU
		Release|Any CPU = Release|Any CPU
	EndGlobalSection
	GlobalSection(ProjectConfigurationPlatforms) = postSolution
		{8B6D5398-6FC9-4E52-9B4C-24F1D4D815C2}.Debug|Any CPU.ActiveCfg = Debug|Any CPU
		{8B6D5398-6FC9-4E52-9B4C-24F1D4D815C2}.Debug|Any CPU.Build.0 = Debug|Any CPU
		{8B6D5398-6FC9-4E52-9B4C-24F1D4D815C2}.Release|Any CPU.ActiveCfg = Release|Any CPU
		{8B6D5398-6FC9-4E52-9B4C-24F1D4D815C2}.Release|Any CPU.Build.0 = Release|Any CPU
	EndGlobalSection
EndGlobal
